// !$*UTF8*$!
{
	archiveVersion = 1;
	classes = {
	};
	objectVersion = 56;
	objects = {

/* Begin PBXBuildFile section */
		21C7C9BE3399DFF27F345BFD /* Pods_Chat_App_Chat_AppUITests.framework in Frameworks */ = {isa = PBXBuildFile; fileRef = 04B78C219E4B759419154BF8 /* Pods_Chat_App_Chat_AppUITests.framework */; };
		AC56D173AAC42529638BD279 /* Pods_Chat_App.framework in Frameworks */ = {isa = PBXBuildFile; fileRef = A898CAF4BB9CE194AA2ABDEC /* Pods_Chat_App.framework */; };
		CBECD9932BB7441400207C50 /* AppDelegate.swift in Sources */ = {isa = PBXBuildFile; fileRef = CBECD9922BB7441400207C50 /* AppDelegate.swift */; };
		CBECD9952BB7441400207C50 /* SceneDelegate.swift in Sources */ = {isa = PBXBuildFile; fileRef = CBECD9942BB7441400207C50 /* SceneDelegate.swift */; };
		CBECD9972BB7441400207C50 /* ViewController.swift in Sources */ = {isa = PBXBuildFile; fileRef = CBECD9962BB7441400207C50 /* ViewController.swift */; };
		CBECD99A2BB7441400207C50 /* Base in Resources */ = {isa = PBXBuildFile; fileRef = CBECD9992BB7441400207C50 /* Base */; };
		CBECD99C2BB7441700207C50 /* Assets.xcassets in Resources */ = {isa = PBXBuildFile; fileRef = CBECD99B2BB7441700207C50 /* Assets.xcassets */; };
		CBECD99F2BB7441700207C50 /* Base in Resources */ = {isa = PBXBuildFile; fileRef = CBECD99E2BB7441700207C50 /* Base */; };
		CBECD9AA2BB7441700207C50 /* Chat_AppTests.swift in Sources */ = {isa = PBXBuildFile; fileRef = CBECD9A92BB7441700207C50 /* Chat_AppTests.swift */; };
		CBECD9B42BB7441700207C50 /* Chat_AppUITests.swift in Sources */ = {isa = PBXBuildFile; fileRef = CBECD9B32BB7441700207C50 /* Chat_AppUITests.swift */; };
		CBECD9B62BB7441700207C50 /* Chat_AppUITestsLaunchTests.swift in Sources */ = {isa = PBXBuildFile; fileRef = CBECD9B52BB7441700207C50 /* Chat_AppUITestsLaunchTests.swift */; };
		CBECD9C32BB74EE100207C50 /* GoogleService-Info.plist in Resources */ = {isa = PBXBuildFile; fileRef = CBECD9C22BB74EE100207C50 /* GoogleService-Info.plist */; };
		CBECD9C42BB74EE100207C50 /* GoogleService-Info.plist in Resources */ = {isa = PBXBuildFile; fileRef = CBECD9C22BB74EE100207C50 /* GoogleService-Info.plist */; };
		CBECD9C52BB74EE100207C50 /* GoogleService-Info.plist in Resources */ = {isa = PBXBuildFile; fileRef = CBECD9C22BB74EE100207C50 /* GoogleService-Info.plist */; };
		CBECD9C82BB74F7B00207C50 /* FirebaseAnalytics in Frameworks */ = {isa = PBXBuildFile; productRef = CBECD9C72BB74F7B00207C50 /* FirebaseAnalytics */; };
		CBECD9CA2BB74F7B00207C50 /* FirebaseAnalyticsOnDeviceConversion in Frameworks */ = {isa = PBXBuildFile; productRef = CBECD9C92BB74F7B00207C50 /* FirebaseAnalyticsOnDeviceConversion */; };
		CBECD9CC2BB74F7B00207C50 /* FirebaseAnalyticsSwift in Frameworks */ = {isa = PBXBuildFile; productRef = CBECD9CB2BB74F7B00207C50 /* FirebaseAnalyticsSwift */; };
		CBECD9CE2BB74F7B00207C50 /* FirebaseAnalyticsWithoutAdIdSupport in Frameworks */ = {isa = PBXBuildFile; productRef = CBECD9CD2BB74F7B00207C50 /* FirebaseAnalyticsWithoutAdIdSupport */; };
		CBECD9D02BB74F7B00207C50 /* FirebaseAppCheck in Frameworks */ = {isa = PBXBuildFile; productRef = CBECD9CF2BB74F7B00207C50 /* FirebaseAppCheck */; };
		CBECD9D32BB74FB500207C50 /* Algorithms in Frameworks */ = {isa = PBXBuildFile; productRef = CBECD9D22BB74FB500207C50 /* Algorithms */; };
		EF037722C49CBBDFD7B22679 /* Pods_Chat_AppTests.framework in Frameworks */ = {isa = PBXBuildFile; fileRef = 6ADAE9970ECAC91334D22D5E /* Pods_Chat_AppTests.framework */; };
/* End PBXBuildFile section */

/* Begin PBXContainerItemProxy section */
		CBECD9A62BB7441700207C50 /* PBXContainerItemProxy */ = {
			isa = PBXContainerItemProxy;
			containerPortal = CBECD9872BB7441400207C50 /* Project object */;
			proxyType = 1;
			remoteGlobalIDString = CBECD98E2BB7441400207C50;
			remoteInfo = "Chat-App";
		};
		CBECD9B02BB7441700207C50 /* PBXContainerItemProxy */ = {
			isa = PBXContainerItemProxy;
			containerPortal = CBECD9872BB7441400207C50 /* Project object */;
			proxyType = 1;
			remoteGlobalIDString = CBECD98E2BB7441400207C50;
			remoteInfo = "Chat-App";
		};
/* End PBXContainerItemProxy section */

/* Begin PBXFileReference section */
		027751E06EA175C082844B2F /* Pods-Chat-AppTests.release.xcconfig */ = {isa = PBXFileReference; includeInIndex = 1; lastKnownFileType = text.xcconfig; name = "Pods-Chat-AppTests.release.xcconfig"; path = "Target Support Files/Pods-Chat-AppTests/Pods-Chat-AppTests.release.xcconfig"; sourceTree = "<group>"; };
		04B78C219E4B759419154BF8 /* Pods_Chat_App_Chat_AppUITests.framework */ = {isa = PBXFileReference; explicitFileType = wrapper.framework; includeInIndex = 0; path = Pods_Chat_App_Chat_AppUITests.framework; sourceTree = BUILT_PRODUCTS_DIR; };
		07E3968213A6E6015576582E /* Pods-Chat-App-Chat-AppUITests.debug.xcconfig */ = {isa = PBXFileReference; includeInIndex = 1; lastKnownFileType = text.xcconfig; name = "Pods-Chat-App-Chat-AppUITests.debug.xcconfig"; path = "Target Support Files/Pods-Chat-App-Chat-AppUITests/Pods-Chat-App-Chat-AppUITests.debug.xcconfig"; sourceTree = "<group>"; };
		1F94EC1E88B60D193754621C /* Pods-Chat-App.debug.xcconfig */ = {isa = PBXFileReference; includeInIndex = 1; lastKnownFileType = text.xcconfig; name = "Pods-Chat-App.debug.xcconfig"; path = "Target Support Files/Pods-Chat-App/Pods-Chat-App.debug.xcconfig"; sourceTree = "<group>"; };
		3062AD49EDA09C2969B2DCE2 /* Pods-Chat-App.release.xcconfig */ = {isa = PBXFileReference; includeInIndex = 1; lastKnownFileType = text.xcconfig; name = "Pods-Chat-App.release.xcconfig"; path = "Target Support Files/Pods-Chat-App/Pods-Chat-App.release.xcconfig"; sourceTree = "<group>"; };
		553D69BAE00D715AB80DC83A /* Pods-Chat-App-Chat-AppUITests.release.xcconfig */ = {isa = PBXFileReference; includeInIndex = 1; lastKnownFileType = text.xcconfig; name = "Pods-Chat-App-Chat-AppUITests.release.xcconfig"; path = "Target Support Files/Pods-Chat-App-Chat-AppUITests/Pods-Chat-App-Chat-AppUITests.release.xcconfig"; sourceTree = "<group>"; };
		6ADAE9970ECAC91334D22D5E /* Pods_Chat_AppTests.framework */ = {isa = PBXFileReference; explicitFileType = wrapper.framework; includeInIndex = 0; path = Pods_Chat_AppTests.framework; sourceTree = BUILT_PRODUCTS_DIR; };
		A898CAF4BB9CE194AA2ABDEC /* Pods_Chat_App.framework */ = {isa = PBXFileReference; explicitFileType = wrapper.framework; includeInIndex = 0; path = Pods_Chat_App.framework; sourceTree = BUILT_PRODUCTS_DIR; };
		CBECD98F2BB7441400207C50 /* Chat-App.app */ = {isa = PBXFileReference; explicitFileType = wrapper.application; includeInIndex = 0; path = "Chat-App.app"; sourceTree = BUILT_PRODUCTS_DIR; };
		CBECD9922BB7441400207C50 /* AppDelegate.swift */ = {isa = PBXFileReference; lastKnownFileType = sourcecode.swift; path = AppDelegate.swift; sourceTree = "<group>"; };
		CBECD9942BB7441400207C50 /* SceneDelegate.swift */ = {isa = PBXFileReference; lastKnownFileType = sourcecode.swift; path = SceneDelegate.swift; sourceTree = "<group>"; };
		CBECD9962BB7441400207C50 /* ViewController.swift */ = {isa = PBXFileReference; lastKnownFileType = sourcecode.swift; path = ViewController.swift; sourceTree = "<group>"; };
		CBECD9992BB7441400207C50 /* Base */ = {isa = PBXFileReference; lastKnownFileType = file.storyboard; name = Base; path = Base.lproj/Main.storyboard; sourceTree = "<group>"; };
		CBECD99B2BB7441700207C50 /* Assets.xcassets */ = {isa = PBXFileReference; lastKnownFileType = folder.assetcatalog; path = Assets.xcassets; sourceTree = "<group>"; };
		CBECD99E2BB7441700207C50 /* Base */ = {isa = PBXFileReference; lastKnownFileType = file.storyboard; name = Base; path = Base.lproj/LaunchScreen.storyboard; sourceTree = "<group>"; };
		CBECD9A02BB7441700207C50 /* Info.plist */ = {isa = PBXFileReference; lastKnownFileType = text.plist.xml; path = Info.plist; sourceTree = "<group>"; };
		CBECD9A52BB7441700207C50 /* Chat-AppTests.xctest */ = {isa = PBXFileReference; explicitFileType = wrapper.cfbundle; includeInIndex = 0; path = "Chat-AppTests.xctest"; sourceTree = BUILT_PRODUCTS_DIR; };
		CBECD9A92BB7441700207C50 /* Chat_AppTests.swift */ = {isa = PBXFileReference; lastKnownFileType = sourcecode.swift; path = Chat_AppTests.swift; sourceTree = "<group>"; };
		CBECD9AF2BB7441700207C50 /* Chat-AppUITests.xctest */ = {isa = PBXFileReference; explicitFileType = wrapper.cfbundle; includeInIndex = 0; path = "Chat-AppUITests.xctest"; sourceTree = BUILT_PRODUCTS_DIR; };
		CBECD9B32BB7441700207C50 /* Chat_AppUITests.swift */ = {isa = PBXFileReference; lastKnownFileType = sourcecode.swift; path = Chat_AppUITests.swift; sourceTree = "<group>"; };
		CBECD9B52BB7441700207C50 /* Chat_AppUITestsLaunchTests.swift */ = {isa = PBXFileReference; lastKnownFileType = sourcecode.swift; path = Chat_AppUITestsLaunchTests.swift; sourceTree = "<group>"; };
		CBECD9C22BB74EE100207C50 /* GoogleService-Info.plist */ = {isa = PBXFileReference; fileEncoding = 4; lastKnownFileType = text.plist.xml; path = "GoogleService-Info.plist"; sourceTree = "<group>"; };
		F04E1D6CB39E13CB6BE5B0AC /* Pods-Chat-AppTests.debug.xcconfig */ = {isa = PBXFileReference; includeInIndex = 1; lastKnownFileType = text.xcconfig; name = "Pods-Chat-AppTests.debug.xcconfig"; path = "Target Support Files/Pods-Chat-AppTests/Pods-Chat-AppTests.debug.xcconfig"; sourceTree = "<group>"; };
/* End PBXFileReference section */

/* Begin PBXFrameworksBuildPhase section */
		CBECD98C2BB7441400207C50 /* Frameworks */ = {
			isa = PBXFrameworksBuildPhase;
			buildActionMask = 2147483647;
			files = (
				CBECD9D32BB74FB500207C50 /* Algorithms in Frameworks */,
				CBECD9CC2BB74F7B00207C50 /* FirebaseAnalyticsSwift in Frameworks */,
				CBECD9C82BB74F7B00207C50 /* FirebaseAnalytics in Frameworks */,
				CBECD9CA2BB74F7B00207C50 /* FirebaseAnalyticsOnDeviceConversion in Frameworks */,
				CBECD9D02BB74F7B00207C50 /* FirebaseAppCheck in Frameworks */,
				CBECD9CE2BB74F7B00207C50 /* FirebaseAnalyticsWithoutAdIdSupport in Frameworks */,
				AC56D173AAC42529638BD279 /* Pods_Chat_App.framework in Frameworks */,
			);
			runOnlyForDeploymentPostprocessing = 0;
		};
		CBECD9A22BB7441700207C50 /* Frameworks */ = {
			isa = PBXFrameworksBuildPhase;
			buildActionMask = 2147483647;
			files = (
				EF037722C49CBBDFD7B22679 /* Pods_Chat_AppTests.framework in Frameworks */,
			);
			runOnlyForDeploymentPostprocessing = 0;
		};
		CBECD9AC2BB7441700207C50 /* Frameworks */ = {
			isa = PBXFrameworksBuildPhase;
			buildActionMask = 2147483647;
			files = (
				21C7C9BE3399DFF27F345BFD /* Pods_Chat_App_Chat_AppUITests.framework in Frameworks */,
			);
			runOnlyForDeploymentPostprocessing = 0;
		};
/* End PBXFrameworksBuildPhase section */

/* Begin PBXGroup section */
		28CC00FA5B16D1DE070704CC /* Frameworks */ = {
			isa = PBXGroup;
			children = (
				A898CAF4BB9CE194AA2ABDEC /* Pods_Chat_App.framework */,
				04B78C219E4B759419154BF8 /* Pods_Chat_App_Chat_AppUITests.framework */,
				6ADAE9970ECAC91334D22D5E /* Pods_Chat_AppTests.framework */,
			);
			name = Frameworks;
			sourceTree = "<group>";
		};
		85163B7F336323B810A4A366 /* Pods */ = {
			isa = PBXGroup;
			children = (
				1F94EC1E88B60D193754621C /* Pods-Chat-App.debug.xcconfig */,
				3062AD49EDA09C2969B2DCE2 /* Pods-Chat-App.release.xcconfig */,
				07E3968213A6E6015576582E /* Pods-Chat-App-Chat-AppUITests.debug.xcconfig */,
				553D69BAE00D715AB80DC83A /* Pods-Chat-App-Chat-AppUITests.release.xcconfig */,
				F04E1D6CB39E13CB6BE5B0AC /* Pods-Chat-AppTests.debug.xcconfig */,
				027751E06EA175C082844B2F /* Pods-Chat-AppTests.release.xcconfig */,
			);
			name = Pods;
			path = Pods;
			sourceTree = "<group>";
		};
		CBECD9862BB7441400207C50 = {
			isa = PBXGroup;
			children = (
				CBECD9912BB7441400207C50 /* Chat-App */,
				CBECD9A82BB7441700207C50 /* Chat-AppTests */,
				CBECD9B22BB7441700207C50 /* Chat-AppUITests */,
				CBECD9902BB7441400207C50 /* Products */,
				85163B7F336323B810A4A366 /* Pods */,
				28CC00FA5B16D1DE070704CC /* Frameworks */,
			);
			sourceTree = "<group>";
		};
		CBECD9902BB7441400207C50 /* Products */ = {
			isa = PBXGroup;
			children = (
				CBECD98F2BB7441400207C50 /* Chat-App.app */,
				CBECD9A52BB7441700207C50 /* Chat-AppTests.xctest */,
				CBECD9AF2BB7441700207C50 /* Chat-AppUITests.xctest */,
			);
			name = Products;
			sourceTree = "<group>";
		};
		CBECD9912BB7441400207C50 /* Chat-App */ = {
			isa = PBXGroup;
			children = (
				CBECD9922BB7441400207C50 /* AppDelegate.swift */,
				CBECD9942BB7441400207C50 /* SceneDelegate.swift */,
				CBECD9962BB7441400207C50 /* ViewController.swift */,
				CBECD9982BB7441400207C50 /* Main.storyboard */,
				CBECD99B2BB7441700207C50 /* Assets.xcassets */,
				CBECD99D2BB7441700207C50 /* LaunchScreen.storyboard */,
				CBECD9A02BB7441700207C50 /* Info.plist */,
				CBECD9C22BB74EE100207C50 /* GoogleService-Info.plist */,
			);
			path = "Chat-App";
			sourceTree = "<group>";
		};
		CBECD9A82BB7441700207C50 /* Chat-AppTests */ = {
			isa = PBXGroup;
			children = (
				CBECD9A92BB7441700207C50 /* Chat_AppTests.swift */,
			);
			path = "Chat-AppTests";
			sourceTree = "<group>";
		};
		CBECD9B22BB7441700207C50 /* Chat-AppUITests */ = {
			isa = PBXGroup;
			children = (
				CBECD9B32BB7441700207C50 /* Chat_AppUITests.swift */,
				CBECD9B52BB7441700207C50 /* Chat_AppUITestsLaunchTests.swift */,
			);
			path = "Chat-AppUITests";
			sourceTree = "<group>";
		};
/* End PBXGroup section */

/* Begin PBXNativeTarget section */
		CBECD98E2BB7441400207C50 /* Chat-App */ = {
			isa = PBXNativeTarget;
			buildConfigurationList = CBECD9B92BB7441700207C50 /* Build configuration list for PBXNativeTarget "Chat-App" */;
			buildPhases = (
				CCB0C5F6583DB36BE122B36C /* [CP] Check Pods Manifest.lock */,
				CBECD98B2BB7441400207C50 /* Sources */,
				CBECD98C2BB7441400207C50 /* Frameworks */,
				CBECD98D2BB7441400207C50 /* Resources */,
				A2D8434C3D3C57A470AB0EFA /* [CP] Embed Pods Frameworks */,
			);
			buildRules = (
			);
			dependencies = (
			);
			name = "Chat-App";
			packageProductDependencies = (
				CBECD9C72BB74F7B00207C50 /* FirebaseAnalytics */,
				CBECD9C92BB74F7B00207C50 /* FirebaseAnalyticsOnDeviceConversion */,
				CBECD9CB2BB74F7B00207C50 /* FirebaseAnalyticsSwift */,
				CBECD9CD2BB74F7B00207C50 /* FirebaseAnalyticsWithoutAdIdSupport */,
				CBECD9CF2BB74F7B00207C50 /* FirebaseAppCheck */,
				CBECD9D22BB74FB500207C50 /* Algorithms */,
			);
			productName = "Chat-App";
			productReference = CBECD98F2BB7441400207C50 /* Chat-App.app */;
			productType = "com.apple.product-type.application";
		};
		CBECD9A42BB7441700207C50 /* Chat-AppTests */ = {
			isa = PBXNativeTarget;
			buildConfigurationList = CBECD9BC2BB7441700207C50 /* Build configuration list for PBXNativeTarget "Chat-AppTests" */;
			buildPhases = (
				C7E78FE770C66BD38206824A /* [CP] Check Pods Manifest.lock */,
				CBECD9A12BB7441700207C50 /* Sources */,
				CBECD9A22BB7441700207C50 /* Frameworks */,
				CBECD9A32BB7441700207C50 /* Resources */,
				D7F7CA7584EDDC3A49F19507 /* [CP] Embed Pods Frameworks */,
			);
			buildRules = (
			);
			dependencies = (
				CBECD9A72BB7441700207C50 /* PBXTargetDependency */,
			);
			name = "Chat-AppTests";
			productName = "Chat-AppTests";
			productReference = CBECD9A52BB7441700207C50 /* Chat-AppTests.xctest */;
			productType = "com.apple.product-type.bundle.unit-test";
		};
		CBECD9AE2BB7441700207C50 /* Chat-AppUITests */ = {
			isa = PBXNativeTarget;
			buildConfigurationList = CBECD9BF2BB7441700207C50 /* Build configuration list for PBXNativeTarget "Chat-AppUITests" */;
			buildPhases = (
				2F16EB3546E5D1542E32E86F /* [CP] Check Pods Manifest.lock */,
				CBECD9AB2BB7441700207C50 /* Sources */,
				CBECD9AC2BB7441700207C50 /* Frameworks */,
				CBECD9AD2BB7441700207C50 /* Resources */,
				A9D754067B754DFDCBCDEDEA /* [CP] Embed Pods Frameworks */,
			);
			buildRules = (
			);
			dependencies = (
				CBECD9B12BB7441700207C50 /* PBXTargetDependency */,
			);
			name = "Chat-AppUITests";
			productName = "Chat-AppUITests";
			productReference = CBECD9AF2BB7441700207C50 /* Chat-AppUITests.xctest */;
			productType = "com.apple.product-type.bundle.ui-testing";
		};
/* End PBXNativeTarget section */

/* Begin PBXProject section */
		CBECD9872BB7441400207C50 /* Project object */ = {
			isa = PBXProject;
			attributes = {
				BuildIndependentTargetsInParallel = 1;
				LastSwiftUpdateCheck = 1530;
				LastUpgradeCheck = 1530;
				TargetAttributes = {
					CBECD98E2BB7441400207C50 = {
						CreatedOnToolsVersion = 15.3;
					};
					CBECD9A42BB7441700207C50 = {
						CreatedOnToolsVersion = 15.3;
						TestTargetID = CBECD98E2BB7441400207C50;
					};
					CBECD9AE2BB7441700207C50 = {
						CreatedOnToolsVersion = 15.3;
						TestTargetID = CBECD98E2BB7441400207C50;
					};
				};
			};
			buildConfigurationList = CBECD98A2BB7441400207C50 /* Build configuration list for PBXProject "Chat-App" */;
			compatibilityVersion = "Xcode 14.0";
			developmentRegion = en;
			hasScannedForEncodings = 0;
			knownRegions = (
				en,
				Base,
			);
			mainGroup = CBECD9862BB7441400207C50;
			packageReferences = (
				CBECD9C62BB74F7B00207C50 /* XCRemoteSwiftPackageReference "firebase-ios-sdk" */,
				CBECD9D12BB74FB500207C50 /* XCRemoteSwiftPackageReference "swift-algorithms.git" */,
			);
			productRefGroup = CBECD9902BB7441400207C50 /* Products */;
			projectDirPath = "";
			projectRoot = "";
			targets = (
				CBECD98E2BB7441400207C50 /* Chat-App */,
				CBECD9A42BB7441700207C50 /* Chat-AppTests */,
				CBECD9AE2BB7441700207C50 /* Chat-AppUITests */,
			);
		};
/* End PBXProject section */

/* Begin PBXResourcesBuildPhase section */
		CBECD98D2BB7441400207C50 /* Resources */ = {
			isa = PBXResourcesBuildPhase;
			buildActionMask = 2147483647;
			files = (
				CBECD99C2BB7441700207C50 /* Assets.xcassets in Resources */,
				CBECD9C32BB74EE100207C50 /* GoogleService-Info.plist in Resources */,
				CBECD99F2BB7441700207C50 /* Base in Resources */,
				CBECD99A2BB7441400207C50 /* Base in Resources */,
			);
			runOnlyForDeploymentPostprocessing = 0;
		};
		CBECD9A32BB7441700207C50 /* Resources */ = {
			isa = PBXResourcesBuildPhase;
			buildActionMask = 2147483647;
			files = (
				CBECD9C42BB74EE100207C50 /* GoogleService-Info.plist in Resources */,
			);
			runOnlyForDeploymentPostprocessing = 0;
		};
		CBECD9AD2BB7441700207C50 /* Resources */ = {
			isa = PBXResourcesBuildPhase;
			buildActionMask = 2147483647;
			files = (
				CBECD9C52BB74EE100207C50 /* GoogleService-Info.plist in Resources */,
			);
			runOnlyForDeploymentPostprocessing = 0;
		};
/* End PBXResourcesBuildPhase section */

/* Begin PBXShellScriptBuildPhase section */
		2F16EB3546E5D1542E32E86F /* [CP] Check Pods Manifest.lock */ = {
			isa = PBXShellScriptBuildPhase;
			buildActionMask = 2147483647;
			files = (
			);
			inputFileListPaths = (
			);
			inputPaths = (
				"${PODS_PODFILE_DIR_PATH}/Podfile.lock",
				"${PODS_ROOT}/Manifest.lock",
			);
			name = "[CP] Check Pods Manifest.lock";
			outputFileListPaths = (
			);
			outputPaths = (
				"$(DERIVED_FILE_DIR)/Pods-Chat-App-Chat-AppUITests-checkManifestLockResult.txt",
			);
			runOnlyForDeploymentPostprocessing = 0;
			shellPath = /bin/sh;
			shellScript = "diff \"${PODS_PODFILE_DIR_PATH}/Podfile.lock\" \"${PODS_ROOT}/Manifest.lock\" > /dev/null\nif [ $? != 0 ] ; then\n    # print error to STDERR\n    echo \"error: The sandbox is not in sync with the Podfile.lock. Run 'pod install' or update your CocoaPods installation.\" >&2\n    exit 1\nfi\n# This output is used by Xcode 'outputs' to avoid re-running this script phase.\necho \"SUCCESS\" > \"${SCRIPT_OUTPUT_FILE_0}\"\n";
			showEnvVarsInLog = 0;
		};
		A2D8434C3D3C57A470AB0EFA /* [CP] Embed Pods Frameworks */ = {
			isa = PBXShellScriptBuildPhase;
			buildActionMask = 2147483647;
			files = (
			);
			inputFileListPaths = (
				"${PODS_ROOT}/Target Support Files/Pods-Chat-App/Pods-Chat-App-frameworks-${CONFIGURATION}-input-files.xcfilelist",
			);
			name = "[CP] Embed Pods Frameworks";
			outputFileListPaths = (
				"${PODS_ROOT}/Target Support Files/Pods-Chat-App/Pods-Chat-App-frameworks-${CONFIGURATION}-output-files.xcfilelist",
			);
			runOnlyForDeploymentPostprocessing = 0;
			shellPath = /bin/sh;
			shellScript = "\"${PODS_ROOT}/Target Support Files/Pods-Chat-App/Pods-Chat-App-frameworks.sh\"\n";
			showEnvVarsInLog = 0;
		};
		A9D754067B754DFDCBCDEDEA /* [CP] Embed Pods Frameworks */ = {
			isa = PBXShellScriptBuildPhase;
			buildActionMask = 2147483647;
			files = (
			);
			inputFileListPaths = (
				"${PODS_ROOT}/Target Support Files/Pods-Chat-App-Chat-AppUITests/Pods-Chat-App-Chat-AppUITests-frameworks-${CONFIGURATION}-input-files.xcfilelist",
			);
			name = "[CP] Embed Pods Frameworks";
			outputFileListPaths = (
				"${PODS_ROOT}/Target Support Files/Pods-Chat-App-Chat-AppUITests/Pods-Chat-App-Chat-AppUITests-frameworks-${CONFIGURATION}-output-files.xcfilelist",
			);
			runOnlyForDeploymentPostprocessing = 0;
			shellPath = /bin/sh;
			shellScript = "\"${PODS_ROOT}/Target Support Files/Pods-Chat-App-Chat-AppUITests/Pods-Chat-App-Chat-AppUITests-frameworks.sh\"\n";
			showEnvVarsInLog = 0;
		};
		C7E78FE770C66BD38206824A /* [CP] Check Pods Manifest.lock */ = {
			isa = PBXShellScriptBuildPhase;
			buildActionMask = 2147483647;
			files = (
			);
			inputFileListPaths = (
			);
			inputPaths = (
				"${PODS_PODFILE_DIR_PATH}/Podfile.lock",
				"${PODS_ROOT}/Manifest.lock",
			);
			name = "[CP] Check Pods Manifest.lock";
			outputFileListPaths = (
			);
			outputPaths = (
				"$(DERIVED_FILE_DIR)/Pods-Chat-AppTests-checkManifestLockResult.txt",
			);
			runOnlyForDeploymentPostprocessing = 0;
			shellPath = /bin/sh;
			shellScript = "diff \"${PODS_PODFILE_DIR_PATH}/Podfile.lock\" \"${PODS_ROOT}/Manifest.lock\" > /dev/null\nif [ $? != 0 ] ; then\n    # print error to STDERR\n    echo \"error: The sandbox is not in sync with the Podfile.lock. Run 'pod install' or update your CocoaPods installation.\" >&2\n    exit 1\nfi\n# This output is used by Xcode 'outputs' to avoid re-running this script phase.\necho \"SUCCESS\" > \"${SCRIPT_OUTPUT_FILE_0}\"\n";
			showEnvVarsInLog = 0;
		};
		CCB0C5F6583DB36BE122B36C /* [CP] Check Pods Manifest.lock */ = {
			isa = PBXShellScriptBuildPhase;
			buildActionMask = 2147483647;
			files = (
			);
			inputFileListPaths = (
			);
			inputPaths = (
				"${PODS_PODFILE_DIR_PATH}/Podfile.lock",
				"${PODS_ROOT}/Manifest.lock",
			);
			name = "[CP] Check Pods Manifest.lock";
			outputFileListPaths = (
			);
			outputPaths = (
				"$(DERIVED_FILE_DIR)/Pods-Chat-App-checkManifestLockResult.txt",
			);
			runOnlyForDeploymentPostprocessing = 0;
			shellPath = /bin/sh;
			shellScript = "diff \"${PODS_PODFILE_DIR_PATH}/Podfile.lock\" \"${PODS_ROOT}/Manifest.lock\" > /dev/null\nif [ $? != 0 ] ; then\n    # print error to STDERR\n    echo \"error: The sandbox is not in sync with the Podfile.lock. Run 'pod install' or update your CocoaPods installation.\" >&2\n    exit 1\nfi\n# This output is used by Xcode 'outputs' to avoid re-running this script phase.\necho \"SUCCESS\" > \"${SCRIPT_OUTPUT_FILE_0}\"\n";
			showEnvVarsInLog = 0;
		};
		D7F7CA7584EDDC3A49F19507 /* [CP] Embed Pods Frameworks */ = {
			isa = PBXShellScriptBuildPhase;
			buildActionMask = 2147483647;
			files = (
			);
			inputFileListPaths = (
				"${PODS_ROOT}/Target Support Files/Pods-Chat-AppTests/Pods-Chat-AppTests-frameworks-${CONFIGURATION}-input-files.xcfilelist",
			);
			name = "[CP] Embed Pods Frameworks";
			outputFileListPaths = (
				"${PODS_ROOT}/Target Support Files/Pods-Chat-AppTests/Pods-Chat-AppTests-frameworks-${CONFIGURATION}-output-files.xcfilelist",
			);
			runOnlyForDeploymentPostprocessing = 0;
			shellPath = /bin/sh;
			shellScript = "\"${PODS_ROOT}/Target Support Files/Pods-Chat-AppTests/Pods-Chat-AppTests-frameworks.sh\"\n";
			showEnvVarsInLog = 0;
		};
/* End PBXShellScriptBuildPhase section */

/* Begin PBXSourcesBuildPhase section */
		CBECD98B2BB7441400207C50 /* Sources */ = {
			isa = PBXSourcesBuildPhase;
			buildActionMask = 2147483647;
			files = (
				CBECD9972BB7441400207C50 /* ViewController.swift in Sources */,
				CBECD9932BB7441400207C50 /* AppDelegate.swift in Sources */,
				CBECD9952BB7441400207C50 /* SceneDelegate.swift in Sources */,
			);
			runOnlyForDeploymentPostprocessing = 0;
		};
		CBECD9A12BB7441700207C50 /* Sources */ = {
			isa = PBXSourcesBuildPhase;
			buildActionMask = 2147483647;
			files = (
				CBECD9AA2BB7441700207C50 /* Chat_AppTests.swift in Sources */,
			);
			runOnlyForDeploymentPostprocessing = 0;
		};
		CBECD9AB2BB7441700207C50 /* Sources */ = {
			isa = PBXSourcesBuildPhase;
			buildActionMask = 2147483647;
			files = (
				CBECD9B62BB7441700207C50 /* Chat_AppUITestsLaunchTests.swift in Sources */,
				CBECD9B42BB7441700207C50 /* Chat_AppUITests.swift in Sources */,
			);
			runOnlyForDeploymentPostprocessing = 0;
		};
/* End PBXSourcesBuildPhase section */

/* Begin PBXTargetDependency section */
		CBECD9A72BB7441700207C50 /* PBXTargetDependency */ = {
			isa = PBXTargetDependency;
			target = CBECD98E2BB7441400207C50 /* Chat-App */;
			targetProxy = CBECD9A62BB7441700207C50 /* PBXContainerItemProxy */;
		};
		CBECD9B12BB7441700207C50 /* PBXTargetDependency */ = {
			isa = PBXTargetDependency;
			target = CBECD98E2BB7441400207C50 /* Chat-App */;
			targetProxy = CBECD9B02BB7441700207C50 /* PBXContainerItemProxy */;
		};
/* End PBXTargetDependency section */

/* Begin PBXVariantGroup section */
		CBECD9982BB7441400207C50 /* Main.storyboard */ = {
			isa = PBXVariantGroup;
			children = (
				CBECD9992BB7441400207C50 /* Base */,
			);
			name = Main.storyboard;
			sourceTree = "<group>";
		};
		CBECD99D2BB7441700207C50 /* LaunchScreen.storyboard */ = {
			isa = PBXVariantGroup;
			children = (
				CBECD99E2BB7441700207C50 /* Base */,
			);
			name = LaunchScreen.storyboard;
			sourceTree = "<group>";
		};
/* End PBXVariantGroup section */

/* Begin XCBuildConfiguration section */
		CBECD9B72BB7441700207C50 /* Debug */ = {
			isa = XCBuildConfiguration;
			buildSettings = {
				ALWAYS_SEARCH_USER_PATHS = NO;
				ASSETCATALOG_COMPILER_GENERATE_SWIFT_ASSET_SYMBOL_EXTENSIONS = YES;
				CLANG_ANALYZER_NONNULL = YES;
				CLANG_ANALYZER_NUMBER_OBJECT_CONVERSION = YES_AGGRESSIVE;
				CLANG_CXX_LANGUAGE_STANDARD = "gnu++20";
				CLANG_ENABLE_MODULES = YES;
				CLANG_ENABLE_OBJC_ARC = YES;
				CLANG_ENABLE_OBJC_WEAK = YES;
				CLANG_WARN_BLOCK_CAPTURE_AUTORELEASING = YES;
				CLANG_WARN_BOOL_CONVERSION = YES;
				CLANG_WARN_COMMA = YES;
				CLANG_WARN_CONSTANT_CONVERSION = YES;
				CLANG_WARN_DEPRECATED_OBJC_IMPLEMENTATIONS = YES;
				CLANG_WARN_DIRECT_OBJC_ISA_USAGE = YES_ERROR;
				CLANG_WARN_DOCUMENTATION_COMMENTS = YES;
				CLANG_WARN_EMPTY_BODY = YES;
				CLANG_WARN_ENUM_CONVERSION = YES;
				CLANG_WARN_INFINITE_RECURSION = YES;
				CLANG_WARN_INT_CONVERSION = YES;
				CLANG_WARN_NON_LITERAL_NULL_CONVERSION = YES;
				CLANG_WARN_OBJC_IMPLICIT_RETAIN_SELF = YES;
				CLANG_WARN_OBJC_LITERAL_CONVERSION = YES;
				CLANG_WARN_OBJC_ROOT_CLASS = YES_ERROR;
				CLANG_WARN_QUOTED_INCLUDE_IN_FRAMEWORK_HEADER = YES;
				CLANG_WARN_RANGE_LOOP_ANALYSIS = YES;
				CLANG_WARN_STRICT_PROTOTYPES = YES;
				CLANG_WARN_SUSPICIOUS_MOVE = YES;
				CLANG_WARN_UNGUARDED_AVAILABILITY = YES_AGGRESSIVE;
				CLANG_WARN_UNREACHABLE_CODE = YES;
				CLANG_WARN__DUPLICATE_METHOD_MATCH = YES;
				COPY_PHASE_STRIP = NO;
				DEBUG_INFORMATION_FORMAT = dwarf;
				ENABLE_STRICT_OBJC_MSGSEND = YES;
				ENABLE_TESTABILITY = YES;
				ENABLE_USER_SCRIPT_SANDBOXING = YES;
				GCC_C_LANGUAGE_STANDARD = gnu17;
				GCC_DYNAMIC_NO_PIC = NO;
				GCC_NO_COMMON_BLOCKS = YES;
				GCC_OPTIMIZATION_LEVEL = 0;
				GCC_PREPROCESSOR_DEFINITIONS = (
					"DEBUG=1",
					"$(inherited)",
				);
				GCC_WARN_64_TO_32_BIT_CONVERSION = YES;
				GCC_WARN_ABOUT_RETURN_TYPE = YES_ERROR;
				GCC_WARN_UNDECLARED_SELECTOR = YES;
				GCC_WARN_UNINITIALIZED_AUTOS = YES_AGGRESSIVE;
				GCC_WARN_UNUSED_FUNCTION = YES;
				GCC_WARN_UNUSED_VARIABLE = YES;
				IPHONEOS_DEPLOYMENT_TARGET = 17.4;
				LOCALIZATION_PREFERS_STRING_CATALOGS = YES;
				MTL_ENABLE_DEBUG_INFO = INCLUDE_SOURCE;
				MTL_FAST_MATH = YES;
				ONLY_ACTIVE_ARCH = YES;
				SDKROOT = iphoneos;
				SWIFT_ACTIVE_COMPILATION_CONDITIONS = "DEBUG $(inherited)";
				SWIFT_OPTIMIZATION_LEVEL = "-Onone";
			};
			name = Debug;
		};
		CBECD9B82BB7441700207C50 /* Release */ = {
			isa = XCBuildConfiguration;
			buildSettings = {
				ALWAYS_SEARCH_USER_PATHS = NO;
				ASSETCATALOG_COMPILER_GENERATE_SWIFT_ASSET_SYMBOL_EXTENSIONS = YES;
				CLANG_ANALYZER_NONNULL = YES;
				CLANG_ANALYZER_NUMBER_OBJECT_CONVERSION = YES_AGGRESSIVE;
				CLANG_CXX_LANGUAGE_STANDARD = "gnu++20";
				CLANG_ENABLE_MODULES = YES;
				CLANG_ENABLE_OBJC_ARC = YES;
				CLANG_ENABLE_OBJC_WEAK = YES;
				CLANG_WARN_BLOCK_CAPTURE_AUTORELEASING = YES;
				CLANG_WARN_BOOL_CONVERSION = YES;
				CLANG_WARN_COMMA = YES;
				CLANG_WARN_CONSTANT_CONVERSION = YES;
				CLANG_WARN_DEPRECATED_OBJC_IMPLEMENTATIONS = YES;
				CLANG_WARN_DIRECT_OBJC_ISA_USAGE = YES_ERROR;
				CLANG_WARN_DOCUMENTATION_COMMENTS = YES;
				CLANG_WARN_EMPTY_BODY = YES;
				CLANG_WARN_ENUM_CONVERSION = YES;
				CLANG_WARN_INFINITE_RECURSION = YES;
				CLANG_WARN_INT_CONVERSION = YES;
				CLANG_WARN_NON_LITERAL_NULL_CONVERSION = YES;
				CLANG_WARN_OBJC_IMPLICIT_RETAIN_SELF = YES;
				CLANG_WARN_OBJC_LITERAL_CONVERSION = YES;
				CLANG_WARN_OBJC_ROOT_CLASS = YES_ERROR;
				CLANG_WARN_QUOTED_INCLUDE_IN_FRAMEWORK_HEADER = YES;
				CLANG_WARN_RANGE_LOOP_ANALYSIS = YES;
				CLANG_WARN_STRICT_PROTOTYPES = YES;
				CLANG_WARN_SUSPICIOUS_MOVE = YES;
				CLANG_WARN_UNGUARDED_AVAILABILITY = YES_AGGRESSIVE;
				CLANG_WARN_UNREACHABLE_CODE = YES;
				CLANG_WARN__DUPLICATE_METHOD_MATCH = YES;
				COPY_PHASE_STRIP = NO;
				DEBUG_INFORMATION_FORMAT = "dwarf-with-dsym";
				ENABLE_NS_ASSERTIONS = NO;
				ENABLE_STRICT_OBJC_MSGSEND = YES;
				ENABLE_USER_SCRIPT_SANDBOXING = YES;
				GCC_C_LANGUAGE_STANDARD = gnu17;
				GCC_NO_COMMON_BLOCKS = YES;
				GCC_WARN_64_TO_32_BIT_CONVERSION = YES;
				GCC_WARN_ABOUT_RETURN_TYPE = YES_ERROR;
				GCC_WARN_UNDECLARED_SELECTOR = YES;
				GCC_WARN_UNINITIALIZED_AUTOS = YES_AGGRESSIVE;
				GCC_WARN_UNUSED_FUNCTION = YES;
				GCC_WARN_UNUSED_VARIABLE = YES;
				IPHONEOS_DEPLOYMENT_TARGET = 17.4;
				LOCALIZATION_PREFERS_STRING_CATALOGS = YES;
				MTL_ENABLE_DEBUG_INFO = NO;
				MTL_FAST_MATH = YES;
				SDKROOT = iphoneos;
				SWIFT_COMPILATION_MODE = wholemodule;
				VALIDATE_PRODUCT = YES;
			};
			name = Release;
		};
		CBECD9BA2BB7441700207C50 /* Debug */ = {
			isa = XCBuildConfiguration;
			baseConfigurationReference = 1F94EC1E88B60D193754621C /* Pods-Chat-App.debug.xcconfig */;
			buildSettings = {
				ASSETCATALOG_COMPILER_APPICON_NAME = AppIcon;
				ASSETCATALOG_COMPILER_GLOBAL_ACCENT_COLOR_NAME = AccentColor;
				CODE_SIGN_STYLE = Automatic;
				CURRENT_PROJECT_VERSION = 1;
				DEVELOPMENT_TEAM = 4Z356P7658;
				GENERATE_INFOPLIST_FILE = YES;
				INFOPLIST_FILE = "Chat-App/Info.plist";
				INFOPLIST_KEY_LSApplicationCategoryType = "public.app-category.entertainment";
				INFOPLIST_KEY_UIApplicationSupportsIndirectInputEvents = YES;
				INFOPLIST_KEY_UILaunchStoryboardName = LaunchScreen;
				INFOPLIST_KEY_UIMainStoryboardFile = Main;
				INFOPLIST_KEY_UISupportedInterfaceOrientations_iPad = "UIInterfaceOrientationPortrait UIInterfaceOrientationPortraitUpsideDown UIInterfaceOrientationLandscapeLeft UIInterfaceOrientationLandscapeRight";
				INFOPLIST_KEY_UISupportedInterfaceOrientations_iPhone = "UIInterfaceOrientationPortrait UIInterfaceOrientationLandscapeLeft UIInterfaceOrientationLandscapeRight";
				LD_RUNPATH_SEARCH_PATHS = (
					"$(inherited)",
					"@executable_path/Frameworks",
				);
				MARKETING_VERSION = 1.0;
				PRODUCT_BUNDLE_IDENTIFIER = "com.NaiCode.Chat-App";
				PRODUCT_NAME = "$(TARGET_NAME)";
				SWIFT_EMIT_LOC_STRINGS = YES;
				SWIFT_VERSION = 5.0;
				TARGETED_DEVICE_FAMILY = "1,2";
			};
			name = Debug;
		};
		CBECD9BB2BB7441700207C50 /* Release */ = {
			isa = XCBuildConfiguration;
			baseConfigurationReference = 3062AD49EDA09C2969B2DCE2 /* Pods-Chat-App.release.xcconfig */;
			buildSettings = {
				ASSETCATALOG_COMPILER_APPICON_NAME = AppIcon;
				ASSETCATALOG_COMPILER_GLOBAL_ACCENT_COLOR_NAME = AccentColor;
				CODE_SIGN_STYLE = Automatic;
				CURRENT_PROJECT_VERSION = 1;
				DEVELOPMENT_TEAM = 4Z356P7658;
				GENERATE_INFOPLIST_FILE = YES;
				INFOPLIST_FILE = "Chat-App/Info.plist";
				INFOPLIST_KEY_LSApplicationCategoryType = "public.app-category.entertainment";
				INFOPLIST_KEY_UIApplicationSupportsIndirectInputEvents = YES;
				INFOPLIST_KEY_UILaunchStoryboardName = LaunchScreen;
				INFOPLIST_KEY_UIMainStoryboardFile = Main;
				INFOPLIST_KEY_UISupportedInterfaceOrientations_iPad = "UIInterfaceOrientationPortrait UIInterfaceOrientationPortraitUpsideDown UIInterfaceOrientationLandscapeLeft UIInterfaceOrientationLandscapeRight";
				INFOPLIST_KEY_UISupportedInterfaceOrientations_iPhone = "UIInterfaceOrientationPortrait UIInterfaceOrientationLandscapeLeft UIInterfaceOrientationLandscapeRight";
				LD_RUNPATH_SEARCH_PATHS = (
					"$(inherited)",
					"@executable_path/Frameworks",
				);
				MARKETING_VERSION = 1.0;
				PRODUCT_BUNDLE_IDENTIFIER = "com.NaiCode.Chat-App";
				PRODUCT_NAME = "$(TARGET_NAME)";
				SWIFT_EMIT_LOC_STRINGS = YES;
				SWIFT_VERSION = 5.0;
				TARGETED_DEVICE_FAMILY = "1,2";
			};
			name = Release;
		};
		CBECD9BD2BB7441700207C50 /* Debug */ = {
			isa = XCBuildConfiguration;
			baseConfigurationReference = F04E1D6CB39E13CB6BE5B0AC /* Pods-Chat-AppTests.debug.xcconfig */;
			buildSettings = {
				ALWAYS_EMBED_SWIFT_STANDARD_LIBRARIES = YES;
				BUNDLE_LOADER = "$(TEST_HOST)";
				CODE_SIGN_STYLE = Automatic;
				CURRENT_PROJECT_VERSION = 1;
				DEVELOPMENT_TEAM = 4Z356P7658;
				GENERATE_INFOPLIST_FILE = YES;
				IPHONEOS_DEPLOYMENT_TARGET = 17.4;
				MARKETING_VERSION = 1.0;
				PRODUCT_BUNDLE_IDENTIFIER = "com.NaiCode.Chat-AppTests";
				PRODUCT_NAME = "$(TARGET_NAME)";
				SWIFT_EMIT_LOC_STRINGS = NO;
				SWIFT_VERSION = 5.0;
				TARGETED_DEVICE_FAMILY = "1,2";
				TEST_HOST = "$(BUILT_PRODUCTS_DIR)/Chat-App.app/$(BUNDLE_EXECUTABLE_FOLDER_PATH)/Chat-App";
			};
			name = Debug;
		};
		CBECD9BE2BB7441700207C50 /* Release */ = {
			isa = XCBuildConfiguration;
			baseConfigurationReference = 027751E06EA175C082844B2F /* Pods-Chat-AppTests.release.xcconfig */;
			buildSettings = {
				ALWAYS_EMBED_SWIFT_STANDARD_LIBRARIES = YES;
				BUNDLE_LOADER = "$(TEST_HOST)";
				CODE_SIGN_STYLE = Automatic;
				CURRENT_PROJECT_VERSION = 1;
				DEVELOPMENT_TEAM = 4Z356P7658;
				GENERATE_INFOPLIST_FILE = YES;
				IPHONEOS_DEPLOYMENT_TARGET = 17.4;
				MARKETING_VERSION = 1.0;
				PRODUCT_BUNDLE_IDENTIFIER = "com.NaiCode.Chat-AppTests";
				PRODUCT_NAME = "$(TARGET_NAME)";
				SWIFT_EMIT_LOC_STRINGS = NO;
				SWIFT_VERSION = 5.0;
				TARGETED_DEVICE_FAMILY = "1,2";
				TEST_HOST = "$(BUILT_PRODUCTS_DIR)/Chat-App.app/$(BUNDLE_EXECUTABLE_FOLDER_PATH)/Chat-App";
			};
			name = Release;
		};
		CBECD9C02BB7441700207C50 /* Debug */ = {
			isa = XCBuildConfiguration;
			baseConfigurationReference = 07E3968213A6E6015576582E /* Pods-Chat-App-Chat-AppUITests.debug.xcconfig */;
			buildSettings = {
				ALWAYS_EMBED_SWIFT_STANDARD_LIBRARIES = YES;
				CODE_SIGN_STYLE = Automatic;
				CURRENT_PROJECT_VERSION = 1;
				DEVELOPMENT_TEAM = 4Z356P7658;
				GENERATE_INFOPLIST_FILE = YES;
				MARKETING_VERSION = 1.0;
				PRODUCT_BUNDLE_IDENTIFIER = "com.NaiCode.Chat-AppUITests";
				PRODUCT_NAME = "$(TARGET_NAME)";
				SWIFT_EMIT_LOC_STRINGS = NO;
				SWIFT_VERSION = 5.0;
				TARGETED_DEVICE_FAMILY = "1,2";
				TEST_TARGET_NAME = "Chat-App";
			};
			name = Debug;
		};
		CBECD9C12BB7441700207C50 /* Release */ = {
			isa = XCBuildConfiguration;
			baseConfigurationReference = 553D69BAE00D715AB80DC83A /* Pods-Chat-App-Chat-AppUITests.release.xcconfig */;
			buildSettings = {
				ALWAYS_EMBED_SWIFT_STANDARD_LIBRARIES = YES;
				CODE_SIGN_STYLE = Automatic;
				CURRENT_PROJECT_VERSION = 1;
				DEVELOPMENT_TEAM = 4Z356P7658;
				GENERATE_INFOPLIST_FILE = YES;
				MARKETING_VERSION = 1.0;
				PRODUCT_BUNDLE_IDENTIFIER = "com.NaiCode.Chat-AppUITests";
				PRODUCT_NAME = "$(TARGET_NAME)";
				SWIFT_EMIT_LOC_STRINGS = NO;
				SWIFT_VERSION = 5.0;
				TARGETED_DEVICE_FAMILY = "1,2";
				TEST_TARGET_NAME = "Chat-App";
			};
			name = Release;
		};
/* End XCBuildConfiguration section */

/* Begin XCConfigurationList section */
		CBECD98A2BB7441400207C50 /* Build configuration list for PBXProject "Chat-App" */ = {
			isa = XCConfigurationList;
			buildConfigurations = (
				CBECD9B72BB7441700207C50 /* Debug */,
				CBECD9B82BB7441700207C50 /* Release */,
			);
			defaultConfigurationIsVisible = 0;
			defaultConfigurationName = Release;
		};
		CBECD9B92BB7441700207C50 /* Build configuration list for PBXNativeTarget "Chat-App" */ = {
			isa = XCConfigurationList;
			buildConfigurations = (
				CBECD9BA2BB7441700207C50 /* Debug */,
				CBECD9BB2BB7441700207C50 /* Release */,
			);
			defaultConfigurationIsVisible = 0;
			defaultConfigurationName = Release;
		};
		CBECD9BC2BB7441700207C50 /* Build configuration list for PBXNativeTarget "Chat-AppTests" */ = {
			isa = XCConfigurationList;
			buildConfigurations = (
				CBECD9BD2BB7441700207C50 /* Debug */,
				CBECD9BE2BB7441700207C50 /* Release */,
			);
			defaultConfigurationIsVisible = 0;
			defaultConfigurationName = Release;
		};
		CBECD9BF2BB7441700207C50 /* Build configuration list for PBXNativeTarget "Chat-AppUITests" */ = {
			isa = XCConfigurationList;
			buildConfigurations = (
				CBECD9C02BB7441700207C50 /* Debug */,
				CBECD9C12BB7441700207C50 /* Release */,
			);
			defaultConfigurationIsVisible = 0;
			defaultConfigurationName = Release;
		};
/* End XCConfigurationList section */

/* Begin XCRemoteSwiftPackageReference section */
		CBECD9C62BB74F7B00207C50 /* XCRemoteSwiftPackageReference "firebase-ios-sdk" */ = {
			isa = XCRemoteSwiftPackageReference;
			repositoryURL = "https://github.com/firebase/firebase-ios-sdk";
			requirement = {
				kind = upToNextMajorVersion;
				minimumVersion = 10.23.1;
			};
		};
		CBECD9D12BB74FB500207C50 /* XCRemoteSwiftPackageReference "swift-algorithms.git" */ = {
			isa = XCRemoteSwiftPackageReference;
			repositoryURL = "https://github.com/apple/swift-algorithms.git";
			requirement = {
				kind = upToNextMajorVersion;
				minimumVersion = 1.2.0;
			};
		};
/* End XCRemoteSwiftPackageReference section */

/* Begin XCSwiftPackageProductDependency section */
		CBECD9C72BB74F7B00207C50 /* FirebaseAnalytics */ = {
			isa = XCSwiftPackageProductDependency;
			package = CBECD9C62BB74F7B00207C50 /* XCRemoteSwiftPackageReference "firebase-ios-sdk" */;
			productName = FirebaseAnalytics;
		};
		CBECD9C92BB74F7B00207C50 /* FirebaseAnalyticsOnDeviceConversion */ = {
			isa = XCSwiftPackageProductDependency;
			package = CBECD9C62BB74F7B00207C50 /* XCRemoteSwiftPackageReference "firebase-ios-sdk" */;
			productName = FirebaseAnalyticsOnDeviceConversion;
		};
		CBECD9CB2BB74F7B00207C50 /* FirebaseAnalyticsSwift */ = {
			isa = XCSwiftPackageProductDependency;
			package = CBECD9C62BB74F7B00207C50 /* XCRemoteSwiftPackageReference "firebase-ios-sdk" */;
			productName = FirebaseAnalyticsSwift;
		};
		CBECD9CD2BB74F7B00207C50 /* FirebaseAnalyticsWithoutAdIdSupport */ = {
			isa = XCSwiftPackageProductDependency;
			package = CBECD9C62BB74F7B00207C50 /* XCRemoteSwiftPackageReference "firebase-ios-sdk" */;
			productName = FirebaseAnalyticsWithoutAdIdSupport;
		};
		CBECD9CF2BB74F7B00207C50 /* FirebaseAppCheck */ = {
			isa = XCSwiftPackageProductDependency;
			package = CBECD9C62BB74F7B00207C50 /* XCRemoteSwiftPackageReference "firebase-ios-sdk" */;
			productName = FirebaseAppCheck;
		};
		CBECD9D22BB74FB500207C50 /* Algorithms */ = {
			isa = XCSwiftPackageProductDependency;
			package = CBECD9D12BB74FB500207C50 /* XCRemoteSwiftPackageReference "swift-algorithms.git" */;
			productName = Algorithms;
		};
/* End XCSwiftPackageProductDependency section */
	};
	rootObject = CBECD9872BB7441400207C50 /* Project object */;
}
